
Microsoft Visual Studio Solution File, Format Version 12.00
# Visual Studio Version 17
VisualStudioVersion = 17.5.33530.505
MinimumVisualStudioVersion = 10.0.40219.1
Project("{FAE04EC0-301F-11D3-BF4B-00C04F79EFBC}") = "BMIberegner", "BMIberegner.csproj", "{375D43B6-56E6-4B6A-B656-76C57B220333}"
EndProject
Global
	GlobalSection(SolutionConfigurationPlatforms) = preSolution
		Debug|Any CPU = Debug|Any CPU
		Release|Any CPU = Release|Any CPU
	EndGlobalSection
	GlobalSection(ProjectConfigurationPlatforms) = postSolution
		{375D43B6-56E6-4B6A-B656-76C57B220333}.Debug|Any CPU.ActiveCfg = Debug|Any CPU
		{375D43B6-56E6-4B6A-B656-76C57B220333}.Debug|Any CPU.Build.0 = Debug|Any CPU
		{375D43B6-56E6-4B6A-B656-76C57B220333}.Release|Any CPU.ActiveCfg = Release|Any CPU
		{375D43B6-56E6-4B6A-B656-76C57B220333}.Release|Any CPU.Build.0 = Release|Any CPU
	EndGlobalSection
	GlobalSection(SolutionProperties) = preSolution
		HideSolutionNode = FALSE
	EndGlobalSection
	GlobalSection(ExtensibilityGlobals) = postSolution
		SolutionGuid = {6958F28A-3832-41F1-95A1-6D5C0E8007E7}
	EndGlobalSection
EndGlobal
